
Microsoft Visual Studio Solution File, Format Version 12.00
# Visual Studio 2013
VisualStudioVersion = 12.0.30324.0
MinimumVisualStudioVersion = 10.0.40219.1
Project("{FAE04EC0-301F-11D3-BF4B-00C04F79EFBC}") = "001. Multiples of 3 and 5", "001\001. Multiples of 3 and 5.csproj", "{21ACBA3B-7B90-44DA-B854-8B2E92025B74}"
EndProject
Project("{FAE04EC0-301F-11D3-BF4B-00C04F79EFBC}") = "002. Even Fibonacci Numbers", "002\002. Even Fibonacci Numbers.csproj", "{F8FD4BB3-702A-41BD-B15B-EA11F7E3D107}"
EndProject
Project("{FAE04EC0-301F-11D3-BF4B-00C04F79EFBC}") = "003. Largest prime factor", "003\003. Largest prime factor.csproj", "{DC9441BC-C55C-4BAD-AE73-FE3E373E4426}"
EndProject
Project("{FAE04EC0-301F-11D3-BF4B-00C04F79EFBC}") = "004. Largest palindrome product", "004\004. Largest palindrome product.csproj", "{AB5699AD-6F7B-40A2-BD79-CD981B7DD8FB}"
EndProject
Project("{FAE04EC0-301F-11D3-BF4B-00C04F79EFBC}") = "005. Smallest multiple", "005\005. Smallest multiple.csproj", "{C8CDF17D-1CCE-48FA-9E2D-1805B8DA237B}"
EndProject
Project("{FAE04EC0-301F-11D3-BF4B-00C04F79EFBC}") = "006. Sum square difference", "006\006. Sum square difference.csproj", "{4EC54629-AA37-48CA-B13A-7EBD2CF0F94E}"
EndProject
Project("{FAE04EC0-301F-11D3-BF4B-00C04F79EFBC}") = "007. 10001st prime", "007\007. 10001st prime.csproj", "{3D891A8C-BBB6-4F75-8E2C-B4371D4676BC}"
EndProject
Project("{FAE04EC0-301F-11D3-BF4B-00C04F79EFBC}") = "008. Largest product in a series", "008\008. Largest product in a series.csproj", "{DF2BE9B1-17B5-4B57-94C0-74D0023D88E5}"
EndProject
Project("{FAE04EC0-301F-11D3-BF4B-00C04F79EFBC}") = "009. Special Pythagorean triplet", "009\009. Special Pythagorean triplet.csproj", "{1687656D-4083-48EB-AFD5-F2BB6EC5A835}"
EndProject
Project("{FAE04EC0-301F-11D3-BF4B-00C04F79EFBC}") = "010. Summation of primes", "010\010. Summation of primes.csproj", "{799FD7C5-3390-4BED-B9DC-B15D62D22023}"
EndProject
Project("{FAE04EC0-301F-11D3-BF4B-00C04F79EFBC}") = "011. Largest product in a grid", "011\011. Largest product in a grid.csproj", "{6431ED09-AEFE-4CCB-9801-94A5F3A1C9FB}"
EndProject
Project("{FAE04EC0-301F-11D3-BF4B-00C04F79EFBC}") = "012. Highly divisible triangular number", "012\012. Highly divisible triangular number.csproj", "{B8577F8F-AB76-4398-96B1-02581B59A942}"
EndProject
Project("{FAE04EC0-301F-11D3-BF4B-00C04F79EFBC}") = "013. Large sum", "013\013. Large sum.csproj", "{46B4A092-41D8-48EF-8D27-048F2058C5E6}"
EndProject
Project("{FAE04EC0-301F-11D3-BF4B-00C04F79EFBC}") = "016. Power Digit Sum", "016\016. Power Digit Sum.csproj", "{E7825009-534A-4AAB-BDF5-131FF8602FB2}"
EndProject
Global
	GlobalSection(SolutionConfigurationPlatforms) = preSolution
		Debug|Any CPU = Debug|Any CPU
		Release|Any CPU = Release|Any CPU
	EndGlobalSection
	GlobalSection(ProjectConfigurationPlatforms) = postSolution
		{21ACBA3B-7B90-44DA-B854-8B2E92025B74}.Debug|Any CPU.ActiveCfg = Debug|Any CPU
		{21ACBA3B-7B90-44DA-B854-8B2E92025B74}.Debug|Any CPU.Build.0 = Debug|Any CPU
		{21ACBA3B-7B90-44DA-B854-8B2E92025B74}.Release|Any CPU.ActiveCfg = Release|Any CPU
		{21ACBA3B-7B90-44DA-B854-8B2E92025B74}.Release|Any CPU.Build.0 = Release|Any CPU
		{F8FD4BB3-702A-41BD-B15B-EA11F7E3D107}.Debug|Any CPU.ActiveCfg = Debug|Any CPU
		{F8FD4BB3-702A-41BD-B15B-EA11F7E3D107}.Debug|Any CPU.Build.0 = Debug|Any CPU
		{F8FD4BB3-702A-41BD-B15B-EA11F7E3D107}.Release|Any CPU.ActiveCfg = Release|Any CPU
		{F8FD4BB3-702A-41BD-B15B-EA11F7E3D107}.Release|Any CPU.Build.0 = Release|Any CPU
		{DC9441BC-C55C-4BAD-AE73-FE3E373E4426}.Debug|Any CPU.ActiveCfg = Debug|Any CPU
		{DC9441BC-C55C-4BAD-AE73-FE3E373E4426}.Debug|Any CPU.Build.0 = Debug|Any CPU
		{DC9441BC-C55C-4BAD-AE73-FE3E373E4426}.Release|Any CPU.ActiveCfg = Release|Any CPU
		{DC9441BC-C55C-4BAD-AE73-FE3E373E4426}.Release|Any CPU.Build.0 = Release|Any CPU
		{AB5699AD-6F7B-40A2-BD79-CD981B7DD8FB}.Debug|Any CPU.ActiveCfg = Debug|Any CPU
		{AB5699AD-6F7B-40A2-BD79-CD981B7DD8FB}.Debug|Any CPU.Build.0 = Debug|Any CPU
		{AB5699AD-6F7B-40A2-BD79-CD981B7DD8FB}.Release|Any CPU.ActiveCfg = Release|Any CPU
		{AB5699AD-6F7B-40A2-BD79-CD981B7DD8FB}.Release|Any CPU.Build.0 = Release|Any CPU
		{C8CDF17D-1CCE-48FA-9E2D-1805B8DA237B}.Debug|Any CPU.ActiveCfg = Debug|Any CPU
		{C8CDF17D-1CCE-48FA-9E2D-1805B8DA237B}.Debug|Any CPU.Build.0 = Debug|Any CPU
		{C8CDF17D-1CCE-48FA-9E2D-1805B8DA237B}.Release|Any CPU.ActiveCfg = Release|Any CPU
		{C8CDF17D-1CCE-48FA-9E2D-1805B8DA237B}.Release|Any CPU.Build.0 = Release|Any CPU
		{4EC54629-AA37-48CA-B13A-7EBD2CF0F94E}.Debug|Any CPU.ActiveCfg = Debug|Any CPU
		{4EC54629-AA37-48CA-B13A-7EBD2CF0F94E}.Debug|Any CPU.Build.0 = Debug|Any CPU
		{4EC54629-AA37-48CA-B13A-7EBD2CF0F94E}.Release|Any CPU.ActiveCfg = Release|Any CPU
		{4EC54629-AA37-48CA-B13A-7EBD2CF0F94E}.Release|Any CPU.Build.0 = Release|Any CPU
		{3D891A8C-BBB6-4F75-8E2C-B4371D4676BC}.Debug|Any CPU.ActiveCfg = Debug|Any CPU
		{3D891A8C-BBB6-4F75-8E2C-B4371D4676BC}.Debug|Any CPU.Build.0 = Debug|Any CPU
		{3D891A8C-BBB6-4F75-8E2C-B4371D4676BC}.Release|Any CPU.ActiveCfg = Release|Any CPU
		{3D891A8C-BBB6-4F75-8E2C-B4371D4676BC}.Release|Any CPU.Build.0 = Release|Any CPU
		{DF2BE9B1-17B5-4B57-94C0-74D0023D88E5}.Debug|Any CPU.ActiveCfg = Debug|Any CPU
		{DF2BE9B1-17B5-4B57-94C0-74D0023D88E5}.Debug|Any CPU.Build.0 = Debug|Any CPU
		{DF2BE9B1-17B5-4B57-94C0-74D0023D88E5}.Release|Any CPU.ActiveCfg = Release|Any CPU
		{DF2BE9B1-17B5-4B57-94C0-74D0023D88E5}.Release|Any CPU.Build.0 = Release|Any CPU
		{1687656D-4083-48EB-AFD5-F2BB6EC5A835}.Debug|Any CPU.ActiveCfg = Debug|Any CPU
		{1687656D-4083-48EB-AFD5-F2BB6EC5A835}.Debug|Any CPU.Build.0 = Debug|Any CPU
		{1687656D-4083-48EB-AFD5-F2BB6EC5A835}.Release|Any CPU.ActiveCfg = Release|Any CPU
		{1687656D-4083-48EB-AFD5-F2BB6EC5A835}.Release|Any CPU.Build.0 = Release|Any CPU
		{799FD7C5-3390-4BED-B9DC-B15D62D22023}.Debug|Any CPU.ActiveCfg = Debug|Any CPU
		{799FD7C5-3390-4BED-B9DC-B15D62D22023}.Debug|Any CPU.Build.0 = Debug|Any CPU
		{799FD7C5-3390-4BED-B9DC-B15D62D22023}.Release|Any CPU.ActiveCfg = Release|Any CPU
		{799FD7C5-3390-4BED-B9DC-B15D62D22023}.Release|Any CPU.Build.0 = Release|Any CPU
		{6431ED09-AEFE-4CCB-9801-94A5F3A1C9FB}.Debug|Any CPU.ActiveCfg = Debug|Any CPU
		{6431ED09-AEFE-4CCB-9801-94A5F3A1C9FB}.Debug|Any CPU.Build.0 = Debug|Any CPU
		{6431ED09-AEFE-4CCB-9801-94A5F3A1C9FB}.Release|Any CPU.ActiveCfg = Release|Any CPU
		{6431ED09-AEFE-4CCB-9801-94A5F3A1C9FB}.Release|Any CPU.Build.0 = Release|Any CPU
		{B8577F8F-AB76-4398-96B1-02581B59A942}.Debug|Any CPU.ActiveCfg = Debug|Any CPU
		{B8577F8F-AB76-4398-96B1-02581B59A942}.Debug|Any CPU.Build.0 = Debug|Any CPU
		{B8577F8F-AB76-4398-96B1-02581B59A942}.Release|Any CPU.ActiveCfg = Release|Any CPU
		{B8577F8F-AB76-4398-96B1-02581B59A942}.Release|Any CPU.Build.0 = Release|Any CPU
		{46B4A092-41D8-48EF-8D27-048F2058C5E6}.Debug|Any CPU.ActiveCfg = Debug|Any CPU
		{46B4A092-41D8-48EF-8D27-048F2058C5E6}.Debug|Any CPU.Build.0 = Debug|Any CPU
		{46B4A092-41D8-48EF-8D27-048F2058C5E6}.Release|Any CPU.ActiveCfg = Release|Any CPU
		{46B4A092-41D8-48EF-8D27-048F2058C5E6}.Release|Any CPU.Build.0 = Release|Any CPU
		{E7825009-534A-4AAB-BDF5-131FF8602FB2}.Debug|Any CPU.ActiveCfg = Debug|Any CPU
		{E7825009-534A-4AAB-BDF5-131FF8602FB2}.Debug|Any CPU.Build.0 = Debug|Any CPU
		{E7825009-534A-4AAB-BDF5-131FF8602FB2}.Release|Any CPU.ActiveCfg = Release|Any CPU
		{E7825009-534A-4AAB-BDF5-131FF8602FB2}.Release|Any CPU.Build.0 = Release|Any CPU
	EndGlobalSection
	GlobalSection(SolutionProperties) = preSolution
		HideSolutionNode = FALSE
	EndGlobalSection
EndGlobal
