
Microsoft Visual Studio Solution File, Format Version 12.00
# Visual Studio 2013
VisualStudioVersion = 12.0.30324.0
MinimumVisualStudioVersion = 10.0.40219.1
Project("{FAE04EC0-301F-11D3-BF4B-00C04F79EFBC}") = "048. Self powers", "048\048. Self powers.csproj", "{452F6742-AF12-4C2A-8AFE-E79E1D667C89}"
EndProject
Global
	GlobalSection(SolutionConfigurationPlatforms) = preSolution
		Debug|Any CPU = Debug|Any CPU
		Release|Any CPU = Release|Any CPU
	EndGlobalSection
	GlobalSection(ProjectConfigurationPlatforms) = postSolution
		{452F6742-AF12-4C2A-8AFE-E79E1D667C89}.Debug|Any CPU.ActiveCfg = Debug|Any CPU
		{452F6742-AF12-4C2A-8AFE-E79E1D667C89}.Debug|Any CPU.Build.0 = Debug|Any CPU
		{452F6742-AF12-4C2A-8AFE-E79E1D667C89}.Release|Any CPU.ActiveCfg = Release|Any CPU
		{452F6742-AF12-4C2A-8AFE-E79E1D667C89}.Release|Any CPU.Build.0 = Release|Any CPU
	EndGlobalSection
	GlobalSection(SolutionProperties) = preSolution
		HideSolutionNode = FALSE
	EndGlobalSection
EndGlobal
